uuid: 9f8cd140-f124-48f5-92c0-91e8ce645756
langcode: en
status: true
dependencies:
  config:
    - field.storage.paragraph.field_block
    - paragraphs.paragraphs_type.drupal_block
id: paragraph.drupal_block.field_block
field_name: field_block
entity_type: paragraph
bundle: drupal_block
label: Block
description: ''
required: false
translatable: false
default_value: {  }
default_value_callback: ''
settings:
  handler: 'default:block'
  handler_settings:
    target_bundles: null
    auto_create: false
field_type: entity_reference
